// !$*UTF8*$!
{
	archiveVersion = 1;
	classes = {
	};
	objectVersion = 56;
	objects = {

/* Begin PBXBuildFile section */
		F4DEE2F72C1362FD00034AA6 /* AppDelegate.swift in Sources */ = {isa = PBXBuildFile; fileRef = F4DEE2F62C1362FD00034AA6 /* AppDelegate.swift */; };
		F4DEE2F92C1362FD00034AA6 /* SceneDelegate.swift in Sources */ = {isa = PBXBuildFile; fileRef = F4DEE2F82C1362FD00034AA6 /* SceneDelegate.swift */; };
		F4DEE2FB2C1362FD00034AA6 /* CoursesViewController.swift in Sources */ = {isa = PBXBuildFile; fileRef = F4DEE2FA2C1362FD00034AA6 /* CoursesViewController.swift */; };
		F4DEE2FE2C1362FE00034AA6 /* Base in Resources */ = {isa = PBXBuildFile; fileRef = F4DEE2FD2C1362FE00034AA6 /* Base */; };
		F4DEE3002C1362FE00034AA6 /* Assets.xcassets in Resources */ = {isa = PBXBuildFile; fileRef = F4DEE2FF2C1362FE00034AA6 /* Assets.xcassets */; };
		F4DEE3032C1362FE00034AA6 /* Base in Resources */ = {isa = PBXBuildFile; fileRef = F4DEE3022C1362FE00034AA6 /* Base */; };
		F4DEE30E2C1362FF00034AA6 /* studyTests.swift in Sources */ = {isa = PBXBuildFile; fileRef = F4DEE30D2C1362FF00034AA6 /* studyTests.swift */; };
		F4DEE3182C1362FF00034AA6 /* studyUITests.swift in Sources */ = {isa = PBXBuildFile; fileRef = F4DEE3172C1362FF00034AA6 /* studyUITests.swift */; };
		F4DEE31A2C1362FF00034AA6 /* studyUITestsLaunchTests.swift in Sources */ = {isa = PBXBuildFile; fileRef = F4DEE3192C1362FF00034AA6 /* studyUITestsLaunchTests.swift */; };
/* End PBXBuildFile section */

/* Begin PBXContainerItemProxy section */
		F4DEE30A2C1362FF00034AA6 /* PBXContainerItemProxy */ = {
			isa = PBXContainerItemProxy;
			containerPortal = F4DEE2EB2C1362FD00034AA6 /* Project object */;
			proxyType = 1;
			remoteGlobalIDString = F4DEE2F22C1362FD00034AA6;
			remoteInfo = study;
		};
		F4DEE3142C1362FF00034AA6 /* PBXContainerItemProxy */ = {
			isa = PBXContainerItemProxy;
			containerPortal = F4DEE2EB2C1362FD00034AA6 /* Project object */;
			proxyType = 1;
			remoteGlobalIDString = F4DEE2F22C1362FD00034AA6;
			remoteInfo = study;
		};
/* End PBXContainerItemProxy section */

/* Begin PBXFileReference section */
		F4DEE2F32C1362FD00034AA6 /* study.app */ = {isa = PBXFileReference; explicitFileType = wrapper.application; includeInIndex = 0; path = study.app; sourceTree = BUILT_PRODUCTS_DIR; };
		F4DEE2F62C1362FD00034AA6 /* AppDelegate.swift */ = {isa = PBXFileReference; lastKnownFileType = sourcecode.swift; path = AppDelegate.swift; sourceTree = "<group>"; };
		F4DEE2F82C1362FD00034AA6 /* SceneDelegate.swift */ = {isa = PBXFileReference; lastKnownFileType = sourcecode.swift; path = SceneDelegate.swift; sourceTree = "<group>"; };
		F4DEE2FA2C1362FD00034AA6 /* CoursesViewController.swift */ = {isa = PBXFileReference; lastKnownFileType = sourcecode.swift; path = CoursesViewController.swift; sourceTree = "<group>"; };
		F4DEE2FD2C1362FE00034AA6 /* Base */ = {isa = PBXFileReference; lastKnownFileType = file.storyboard; name = Base; path = Base.lproj/Main.storyboard; sourceTree = "<group>"; };
		F4DEE2FF2C1362FE00034AA6 /* Assets.xcassets */ = {isa = PBXFileReference; lastKnownFileType = folder.assetcatalog; path = Assets.xcassets; sourceTree = "<group>"; };
		F4DEE3022C1362FE00034AA6 /* Base */ = {isa = PBXFileReference; lastKnownFileType = file.storyboard; name = Base; path = Base.lproj/LaunchScreen.storyboard; sourceTree = "<group>"; };
		F4DEE3042C1362FE00034AA6 /* Info.plist */ = {isa = PBXFileReference; lastKnownFileType = text.plist.xml; path = Info.plist; sourceTree = "<group>"; };
		F4DEE3092C1362FF00034AA6 /* studyTests.xctest */ = {isa = PBXFileReference; explicitFileType = wrapper.cfbundle; includeInIndex = 0; path = studyTests.xctest; sourceTree = BUILT_PRODUCTS_DIR; };
		F4DEE30D2C1362FF00034AA6 /* studyTests.swift */ = {isa = PBXFileReference; lastKnownFileType = sourcecode.swift; path = studyTests.swift; sourceTree = "<group>"; };
		F4DEE3132C1362FF00034AA6 /* studyUITests.xctest */ = {isa = PBXFileReference; explicitFileType = wrapper.cfbundle; includeInIndex = 0; path = studyUITests.xctest; sourceTree = BUILT_PRODUCTS_DIR; };
		F4DEE3172C1362FF00034AA6 /* studyUITests.swift */ = {isa = PBXFileReference; lastKnownFileType = sourcecode.swift; path = studyUITests.swift; sourceTree = "<group>"; };
		F4DEE3192C1362FF00034AA6 /* studyUITestsLaunchTests.swift */ = {isa = PBXFileReference; lastKnownFileType = sourcecode.swift; path = studyUITestsLaunchTests.swift; sourceTree = "<group>"; };
/* End PBXFileReference section */

/* Begin PBXFrameworksBuildPhase section */
		F4DEE2F02C1362FD00034AA6 /* Frameworks */ = {
			isa = PBXFrameworksBuildPhase;
			buildActionMask = 2147483647;
			files = (
			);
			runOnlyForDeploymentPostprocessing = 0;
		};
		F4DEE3062C1362FF00034AA6 /* Frameworks */ = {
			isa = PBXFrameworksBuildPhase;
			buildActionMask = 2147483647;
			files = (
			);
			runOnlyForDeploymentPostprocessing = 0;
		};
		F4DEE3102C1362FF00034AA6 /* Frameworks */ = {
			isa = PBXFrameworksBuildPhase;
			buildActionMask = 2147483647;
			files = (
			);
			runOnlyForDeploymentPostprocessing = 0;
		};
/* End PBXFrameworksBuildPhase section */

/* Begin PBXGroup section */
		F4DEE2EA2C1362FD00034AA6 = {
			isa = PBXGroup;
			children = (
				F4DEE2F52C1362FD00034AA6 /* study */,
				F4DEE30C2C1362FF00034AA6 /* studyTests */,
				F4DEE3162C1362FF00034AA6 /* studyUITests */,
				F4DEE2F42C1362FD00034AA6 /* Products */,
			);
			sourceTree = "<group>";
		};
		F4DEE2F42C1362FD00034AA6 /* Products */ = {
			isa = PBXGroup;
			children = (
				F4DEE2F32C1362FD00034AA6 /* study.app */,
				F4DEE3092C1362FF00034AA6 /* studyTests.xctest */,
				F4DEE3132C1362FF00034AA6 /* studyUITests.xctest */,
			);
			name = Products;
			sourceTree = "<group>";
		};
		F4DEE2F52C1362FD00034AA6 /* study */ = {
			isa = PBXGroup;
			children = (
				F4DEE2F62C1362FD00034AA6 /* AppDelegate.swift */,
				F4DEE2F82C1362FD00034AA6 /* SceneDelegate.swift */,
				F4DEE2FA2C1362FD00034AA6 /* CoursesViewController.swift */,
				F4DEE2FC2C1362FE00034AA6 /* Main.storyboard */,
				F4DEE2FF2C1362FE00034AA6 /* Assets.xcassets */,
				F4DEE3012C1362FE00034AA6 /* LaunchScreen.storyboard */,
				F4DEE3042C1362FE00034AA6 /* Info.plist */,
			);
			path = study;
			sourceTree = "<group>";
		};
		F4DEE30C2C1362FF00034AA6 /* studyTests */ = {
			isa = PBXGroup;
			children = (
				F4DEE30D2C1362FF00034AA6 /* studyTests.swift */,
			);
			path = studyTests;
			sourceTree = "<group>";
		};
		F4DEE3162C1362FF00034AA6 /* studyUITests */ = {
			isa = PBXGroup;
			children = (
				F4DEE3172C1362FF00034AA6 /* studyUITests.swift */,
				F4DEE3192C1362FF00034AA6 /* studyUITestsLaunchTests.swift */,
			);
			path = studyUITests;
			sourceTree = "<group>";
		};
/* End PBXGroup section */

/* Begin PBXNativeTarget section */
		F4DEE2F22C1362FD00034AA6 /* study */ = {
			isa = PBXNativeTarget;
			buildConfigurationList = F4DEE31D2C1362FF00034AA6 /* Build configuration list for PBXNativeTarget "study" */;
			buildPhases = (
				F4DEE2EF2C1362FD00034AA6 /* Sources */,
				F4DEE2F02C1362FD00034AA6 /* Frameworks */,
				F4DEE2F12C1362FD00034AA6 /* Resources */,
			);
			buildRules = (
			);
			dependencies = (
			);
			name = study;
			productName = study;
			productReference = F4DEE2F32C1362FD00034AA6 /* study.app */;
			productType = "com.apple.product-type.application";
		};
		F4DEE3082C1362FF00034AA6 /* studyTests */ = {
			isa = PBXNativeTarget;
			buildConfigurationList = F4DEE3202C1362FF00034AA6 /* Build configuration list for PBXNativeTarget "studyTests" */;
			buildPhases = (
				F4DEE3052C1362FF00034AA6 /* Sources */,
				F4DEE3062C1362FF00034AA6 /* Frameworks */,
				F4DEE3072C1362FF00034AA6 /* Resources */,
			);
			buildRules = (
			);
			dependencies = (
				F4DEE30B2C1362FF00034AA6 /* PBXTargetDependency */,
			);
			name = studyTests;
			productName = studyTests;
			productReference = F4DEE3092C1362FF00034AA6 /* studyTests.xctest */;
			productType = "com.apple.product-type.bundle.unit-test";
		};
		F4DEE3122C1362FF00034AA6 /* studyUITests */ = {
			isa = PBXNativeTarget;
			buildConfigurationList = F4DEE3232C1362FF00034AA6 /* Build configuration list for PBXNativeTarget "studyUITests" */;
			buildPhases = (
				F4DEE30F2C1362FF00034AA6 /* Sources */,
				F4DEE3102C1362FF00034AA6 /* Frameworks */,
				F4DEE3112C1362FF00034AA6 /* Resources */,
			);
			buildRules = (
			);
			dependencies = (
				F4DEE3152C1362FF00034AA6 /* PBXTargetDependency */,
			);
			name = studyUITests;
			productName = studyUITests;
			productReference = F4DEE3132C1362FF00034AA6 /* studyUITests.xctest */;
			productType = "com.apple.product-type.bundle.ui-testing";
		};
/* End PBXNativeTarget section */

/* Begin PBXProject section */
		F4DEE2EB2C1362FD00034AA6 /* Project object */ = {
			isa = PBXProject;
			attributes = {
				BuildIndependentTargetsInParallel = 1;
				LastSwiftUpdateCheck = 1540;
				LastUpgradeCheck = 1540;
				TargetAttributes = {
					F4DEE2F22C1362FD00034AA6 = {
						CreatedOnToolsVersion = 15.4;
					};
					F4DEE3082C1362FF00034AA6 = {
						CreatedOnToolsVersion = 15.4;
						TestTargetID = F4DEE2F22C1362FD00034AA6;
					};
					F4DEE3122C1362FF00034AA6 = {
						CreatedOnToolsVersion = 15.4;
						TestTargetID = F4DEE2F22C1362FD00034AA6;
					};
				};
			};
			buildConfigurationList = F4DEE2EE2C1362FD00034AA6 /* Build configuration list for PBXProject "study" */;
			compatibilityVersion = "Xcode 14.0";
			developmentRegion = en;
			hasScannedForEncodings = 0;
			knownRegions = (
				en,
				Base,
			);
			mainGroup = F4DEE2EA2C1362FD00034AA6;
			productRefGroup = F4DEE2F42C1362FD00034AA6 /* Products */;
			projectDirPath = "";
			projectRoot = "";
			targets = (
				F4DEE2F22C1362FD00034AA6 /* study */,
				F4DEE3082C1362FF00034AA6 /* studyTests */,
				F4DEE3122C1362FF00034AA6 /* studyUITests */,
			);
		};
/* End PBXProject section */

/* Begin PBXResourcesBuildPhase section */
		F4DEE2F12C1362FD00034AA6 /* Resources */ = {
			isa = PBXResourcesBuildPhase;
			buildActionMask = 2147483647;
			files = (
				F4DEE3002C1362FE00034AA6 /* Assets.xcassets in Resources */,
				F4DEE3032C1362FE00034AA6 /* Base in Resources */,
				F4DEE2FE2C1362FE00034AA6 /* Base in Resources */,
			);
			runOnlyForDeploymentPostprocessing = 0;
		};
		F4DEE3072C1362FF00034AA6 /* Resources */ = {
			isa = PBXResourcesBuildPhase;
			buildActionMask = 2147483647;
			files = (
			);
			runOnlyForDeploymentPostprocessing = 0;
		};
		F4DEE3112C1362FF00034AA6 /* Resources */ = {
			isa = PBXResourcesBuildPhase;
			buildActionMask = 2147483647;
			files = (
			);
			runOnlyForDeploymentPostprocessing = 0;
		};
/* End PBXResourcesBuildPhase section */

/* Begin PBXSourcesBuildPhase section */
		F4DEE2EF2C1362FD00034AA6 /* Sources */ = {
			isa = PBXSourcesBuildPhase;
			buildActionMask = 2147483647;
			files = (
				F4DEE2FB2C1362FD00034AA6 /* CoursesViewController.swift in Sources */,
				F4DEE2F72C1362FD00034AA6 /* AppDelegate.swift in Sources */,
				F4DEE2F92C1362FD00034AA6 /* SceneDelegate.swift in Sources */,
			);
			runOnlyForDeploymentPostprocessing = 0;
		};
		F4DEE3052C1362FF00034AA6 /* Sources */ = {
			isa = PBXSourcesBuildPhase;
			buildActionMask = 2147483647;
			files = (
				F4DEE30E2C1362FF00034AA6 /* studyTests.swift in Sources */,
			);
			runOnlyForDeploymentPostprocessing = 0;
		};
		F4DEE30F2C1362FF00034AA6 /* Sources */ = {
			isa = PBXSourcesBuildPhase;
			buildActionMask = 2147483647;
			files = (
				F4DEE31A2C1362FF00034AA6 /* studyUITestsLaunchTests.swift in Sources */,
				F4DEE3182C1362FF00034AA6 /* studyUITests.swift in Sources */,
			);
			runOnlyForDeploymentPostprocessing = 0;
		};
/* End PBXSourcesBuildPhase section */

/* Begin PBXTargetDependency section */
		F4DEE30B2C1362FF00034AA6 /* PBXTargetDependency */ = {
			isa = PBXTargetDependency;
			target = F4DEE2F22C1362FD00034AA6 /* study */;
			targetProxy = F4DEE30A2C1362FF00034AA6 /* PBXContainerItemProxy */;
		};
		F4DEE3152C1362FF00034AA6 /* PBXTargetDependency */ = {
			isa = PBXTargetDependency;
			target = F4DEE2F22C1362FD00034AA6 /* study */;
			targetProxy = F4DEE3142C1362FF00034AA6 /* PBXContainerItemProxy */;
		};
/* End PBXTargetDependency section */

/* Begin PBXVariantGroup section */
		F4DEE2FC2C1362FE00034AA6 /* Main.storyboard */ = {
			isa = PBXVariantGroup;
			children = (
				F4DEE2FD2C1362FE00034AA6 /* Base */,
			);
			name = Main.storyboard;
			sourceTree = "<group>";
		};
		F4DEE3012C1362FE00034AA6 /* LaunchScreen.storyboard */ = {
			isa = PBXVariantGroup;
			children = (
				F4DEE3022C1362FE00034AA6 /* Base */,
			);
			name = LaunchScreen.storyboard;
			sourceTree = "<group>";
		};
/* End PBXVariantGroup section */

/* Begin XCBuildConfiguration section */
		F4DEE31B2C1362FF00034AA6 /* Debug */ = {
			isa = XCBuildConfiguration;
			buildSettings = {
				ALWAYS_SEARCH_USER_PATHS = NO;
				ASSETCATALOG_COMPILER_GENERATE_SWIFT_ASSET_SYMBOL_EXTENSIONS = YES;
				CLANG_ANALYZER_NONNULL = YES;
				CLANG_ANALYZER_NUMBER_OBJECT_CONVERSION = YES_AGGRESSIVE;
				CLANG_CXX_LANGUAGE_STANDARD = "gnu++20";
				CLANG_ENABLE_MODULES = YES;
				CLANG_ENABLE_OBJC_ARC = YES;
				CLANG_ENABLE_OBJC_WEAK = YES;
				CLANG_WARN_BLOCK_CAPTURE_AUTORELEASING = YES;
				CLANG_WARN_BOOL_CONVERSION = YES;
				CLANG_WARN_COMMA = YES;
				CLANG_WARN_CONSTANT_CONVERSION = YES;
				CLANG_WARN_DEPRECATED_OBJC_IMPLEMENTATIONS = YES;
				CLANG_WARN_DIRECT_OBJC_ISA_USAGE = YES_ERROR;
				CLANG_WARN_DOCUMENTATION_COMMENTS = YES;
				CLANG_WARN_EMPTY_BODY = YES;
				CLANG_WARN_ENUM_CONVERSION = YES;
				CLANG_WARN_INFINITE_RECURSION = YES;
				CLANG_WARN_INT_CONVERSION = YES;
				CLANG_WARN_NON_LITERAL_NULL_CONVERSION = YES;
				CLANG_WARN_OBJC_IMPLICIT_RETAIN_SELF = YES;
				CLANG_WARN_OBJC_LITERAL_CONVERSION = YES;
				CLANG_WARN_OBJC_ROOT_CLASS = YES_ERROR;
				CLANG_WARN_QUOTED_INCLUDE_IN_FRAMEWORK_HEADER = YES;
				CLANG_WARN_RANGE_LOOP_ANALYSIS = YES;
				CLANG_WARN_STRICT_PROTOTYPES = YES;
				CLANG_WARN_SUSPICIOUS_MOVE = YES;
				CLANG_WARN_UNGUARDED_AVAILABILITY = YES_AGGRESSIVE;
				CLANG_WARN_UNREACHABLE_CODE = YES;
				CLANG_WARN__DUPLICATE_METHOD_MATCH = YES;
				COPY_PHASE_STRIP = NO;
				DEBUG_INFORMATION_FORMAT = dwarf;
				ENABLE_STRICT_OBJC_MSGSEND = YES;
				ENABLE_TESTABILITY = YES;
				ENABLE_USER_SCRIPT_SANDBOXING = YES;
				GCC_C_LANGUAGE_STANDARD = gnu17;
				GCC_DYNAMIC_NO_PIC = NO;
				GCC_NO_COMMON_BLOCKS = YES;
				GCC_OPTIMIZATION_LEVEL = 0;
				GCC_PREPROCESSOR_DEFINITIONS = (
					"DEBUG=1",
					"$(inherited)",
				);
				GCC_WARN_64_TO_32_BIT_CONVERSION = YES;
				GCC_WARN_ABOUT_RETURN_TYPE = YES_ERROR;
				GCC_WARN_UNDECLARED_SELECTOR = YES;
				GCC_WARN_UNINITIALIZED_AUTOS = YES_AGGRESSIVE;
				GCC_WARN_UNUSED_FUNCTION = YES;
				GCC_WARN_UNUSED_VARIABLE = YES;
				IPHONEOS_DEPLOYMENT_TARGET = 17.5;
				LOCALIZATION_PREFERS_STRING_CATALOGS = YES;
				MTL_ENABLE_DEBUG_INFO = INCLUDE_SOURCE;
				MTL_FAST_MATH = YES;
				ONLY_ACTIVE_ARCH = YES;
				SDKROOT = iphoneos;
				SWIFT_ACTIVE_COMPILATION_CONDITIONS = "DEBUG $(inherited)";
				SWIFT_OPTIMIZATION_LEVEL = "-Onone";
			};
			name = Debug;
		};
		F4DEE31C2C1362FF00034AA6 /* Release */ = {
			isa = XCBuildConfiguration;
			buildSettings = {
				ALWAYS_SEARCH_USER_PATHS = NO;
				ASSETCATALOG_COMPILER_GENERATE_SWIFT_ASSET_SYMBOL_EXTENSIONS = YES;
				CLANG_ANALYZER_NONNULL = YES;
				CLANG_ANALYZER_NUMBER_OBJECT_CONVERSION = YES_AGGRESSIVE;
				CLANG_CXX_LANGUAGE_STANDARD = "gnu++20";
				CLANG_ENABLE_MODULES = YES;
				CLANG_ENABLE_OBJC_ARC = YES;
				CLANG_ENABLE_OBJC_WEAK = YES;
				CLANG_WARN_BLOCK_CAPTURE_AUTORELEASING = YES;
				CLANG_WARN_BOOL_CONVERSION = YES;
				CLANG_WARN_COMMA = YES;
				CLANG_WARN_CONSTANT_CONVERSION = YES;
				CLANG_WARN_DEPRECATED_OBJC_IMPLEMENTATIONS = YES;
				CLANG_WARN_DIRECT_OBJC_ISA_USAGE = YES_ERROR;
				CLANG_WARN_DOCUMENTATION_COMMENTS = YES;
				CLANG_WARN_EMPTY_BODY = YES;
				CLANG_WARN_ENUM_CONVERSION = YES;
				CLANG_WARN_INFINITE_RECURSION = YES;
				CLANG_WARN_INT_CONVERSION = YES;
				CLANG_WARN_NON_LITERAL_NULL_CONVERSION = YES;
				CLANG_WARN_OBJC_IMPLICIT_RETAIN_SELF = YES;
				CLANG_WARN_OBJC_LITERAL_CONVERSION = YES;
				CLANG_WARN_OBJC_ROOT_CLASS = YES_ERROR;
				CLANG_WARN_QUOTED_INCLUDE_IN_FRAMEWORK_HEADER = YES;
				CLANG_WARN_RANGE_LOOP_ANALYSIS = YES;
				CLANG_WARN_STRICT_PROTOTYPES = YES;
				CLANG_WARN_SUSPICIOUS_MOVE = YES;
				CLANG_WARN_UNGUARDED_AVAILABILITY = YES_AGGRESSIVE;
				CLANG_WARN_UNREACHABLE_CODE = YES;
				CLANG_WARN__DUPLICATE_METHOD_MATCH = YES;
				COPY_PHASE_STRIP = NO;
				DEBUG_INFORMATION_FORMAT = "dwarf-with-dsym";
				ENABLE_NS_ASSERTIONS = NO;
				ENABLE_STRICT_OBJC_MSGSEND = YES;
				ENABLE_USER_SCRIPT_SANDBOXING = YES;
				GCC_C_LANGUAGE_STANDARD = gnu17;
				GCC_NO_COMMON_BLOCKS = YES;
				GCC_WARN_64_TO_32_BIT_CONVERSION = YES;
				GCC_WARN_ABOUT_RETURN_TYPE = YES_ERROR;
				GCC_WARN_UNDECLARED_SELECTOR = YES;
				GCC_WARN_UNINITIALIZED_AUTOS = YES_AGGRESSIVE;
				GCC_WARN_UNUSED_FUNCTION = YES;
				GCC_WARN_UNUSED_VARIABLE = YES;
				IPHONEOS_DEPLOYMENT_TARGET = 17.5;
				LOCALIZATION_PREFERS_STRING_CATALOGS = YES;
				MTL_ENABLE_DEBUG_INFO = NO;
				MTL_FAST_MATH = YES;
				SDKROOT = iphoneos;
				SWIFT_COMPILATION_MODE = wholemodule;
				VALIDATE_PRODUCT = YES;
			};
			name = Release;
		};
		F4DEE31E2C1362FF00034AA6 /* Debug */ = {
			isa = XCBuildConfiguration;
			buildSettings = {
				ASSETCATALOG_COMPILER_APPICON_NAME = AppIcon;
				ASSETCATALOG_COMPILER_GLOBAL_ACCENT_COLOR_NAME = AccentColor;
				CODE_SIGN_STYLE = Automatic;
				CURRENT_PROJECT_VERSION = 1;
				DEVELOPMENT_TEAM = H46F5Z8KW7;
				GENERATE_INFOPLIST_FILE = YES;
				INFOPLIST_FILE = study/Info.plist;
				INFOPLIST_KEY_UIApplicationSupportsIndirectInputEvents = YES;
				INFOPLIST_KEY_UILaunchStoryboardName = LaunchScreen;
				INFOPLIST_KEY_UIMainStoryboardFile = Main;
				INFOPLIST_KEY_UISupportedInterfaceOrientations_iPad = "UIInterfaceOrientationPortrait UIInterfaceOrientationPortraitUpsideDown UIInterfaceOrientationLandscapeLeft UIInterfaceOrientationLandscapeRight";
				INFOPLIST_KEY_UISupportedInterfaceOrientations_iPhone = "UIInterfaceOrientationPortrait UIInterfaceOrientationLandscapeLeft UIInterfaceOrientationLandscapeRight";
				LD_RUNPATH_SEARCH_PATHS = (
					"$(inherited)",
					"@executable_path/Frameworks",
				);
				MARKETING_VERSION = 1.0;
				PRODUCT_BUNDLE_IDENTIFIER = snig.study;
				PRODUCT_NAME = "$(TARGET_NAME)";
				SWIFT_EMIT_LOC_STRINGS = YES;
				SWIFT_VERSION = 5.0;
				TARGETED_DEVICE_FAMILY = "1,2";
			};
			name = Debug;
		};
		F4DEE31F2C1362FF00034AA6 /* Release */ = {
			isa = XCBuildConfiguration;
			buildSettings = {
				ASSETCATALOG_COMPILER_APPICON_NAME = AppIcon;
				ASSETCATALOG_COMPILER_GLOBAL_ACCENT_COLOR_NAME = AccentColor;
				CODE_SIGN_STYLE = Automatic;
				CURRENT_PROJECT_VERSION = 1;
				DEVELOPMENT_TEAM = H46F5Z8KW7;
				GENERATE_INFOPLIST_FILE = YES;
				INFOPLIST_FILE = study/Info.plist;
				INFOPLIST_KEY_UIApplicationSupportsIndirectInputEvents = YES;
				INFOPLIST_KEY_UILaunchStoryboardName = LaunchScreen;
				INFOPLIST_KEY_UIMainStoryboardFile = Main;
				INFOPLIST_KEY_UISupportedInterfaceOrientations_iPad = "UIInterfaceOrientationPortrait UIInterfaceOrientationPortraitUpsideDown UIInterfaceOrientationLandscapeLeft UIInterfaceOrientationLandscapeRight";
				INFOPLIST_KEY_UISupportedInterfaceOrientations_iPhone = "UIInterfaceOrientationPortrait UIInterfaceOrientationLandscapeLeft UIInterfaceOrientationLandscapeRight";
				LD_RUNPATH_SEARCH_PATHS = (
					"$(inherited)",
					"@executable_path/Frameworks",
				);
				MARKETING_VERSION = 1.0;
				PRODUCT_BUNDLE_IDENTIFIER = snig.study;
				PRODUCT_NAME = "$(TARGET_NAME)";
				SWIFT_EMIT_LOC_STRINGS = YES;
				SWIFT_VERSION = 5.0;
				TARGETED_DEVICE_FAMILY = "1,2";
			};
			name = Release;
		};
		F4DEE3212C1362FF00034AA6 /* Debug */ = {
			isa = XCBuildConfiguration;
			buildSettings = {
				ALWAYS_EMBED_SWIFT_STANDARD_LIBRARIES = YES;
				BUNDLE_LOADER = "$(TEST_HOST)";
				CODE_SIGN_STYLE = Automatic;
				CURRENT_PROJECT_VERSION = 1;
				DEVELOPMENT_TEAM = H46F5Z8KW7;
				GENERATE_INFOPLIST_FILE = YES;
				IPHONEOS_DEPLOYMENT_TARGET = 17.5;
				MARKETING_VERSION = 1.0;
				PRODUCT_BUNDLE_IDENTIFIER = snig.studyTests;
				PRODUCT_NAME = "$(TARGET_NAME)";
				SWIFT_EMIT_LOC_STRINGS = NO;
				SWIFT_VERSION = 5.0;
				TARGETED_DEVICE_FAMILY = "1,2";
				TEST_HOST = "$(BUILT_PRODUCTS_DIR)/study.app/$(BUNDLE_EXECUTABLE_FOLDER_PATH)/study";
			};
			name = Debug;
		};
		F4DEE3222C1362FF00034AA6 /* Release */ = {
			isa = XCBuildConfiguration;
			buildSettings = {
				ALWAYS_EMBED_SWIFT_STANDARD_LIBRARIES = YES;
				BUNDLE_LOADER = "$(TEST_HOST)";
				CODE_SIGN_STYLE = Automatic;
				CURRENT_PROJECT_VERSION = 1;
				DEVELOPMENT_TEAM = H46F5Z8KW7;
				GENERATE_INFOPLIST_FILE = YES;
				IPHONEOS_DEPLOYMENT_TARGET = 17.5;
				MARKETING_VERSION = 1.0;
				PRODUCT_BUNDLE_IDENTIFIER = snig.studyTests;
				PRODUCT_NAME = "$(TARGET_NAME)";
				SWIFT_EMIT_LOC_STRINGS = NO;
				SWIFT_VERSION = 5.0;
				TARGETED_DEVICE_FAMILY = "1,2";
				TEST_HOST = "$(BUILT_PRODUCTS_DIR)/study.app/$(BUNDLE_EXECUTABLE_FOLDER_PATH)/study";
			};
			name = Release;
		};
		F4DEE3242C1362FF00034AA6 /* Debug */ = {
			isa = XCBuildConfiguration;
			buildSettings = {
				ALWAYS_EMBED_SWIFT_STANDARD_LIBRARIES = YES;
				CODE_SIGN_STYLE = Automatic;
				CURRENT_PROJECT_VERSION = 1;
				DEVELOPMENT_TEAM = H46F5Z8KW7;
				GENERATE_INFOPLIST_FILE = YES;
				MARKETING_VERSION = 1.0;
				PRODUCT_BUNDLE_IDENTIFIER = snig.studyUITests;
				PRODUCT_NAME = "$(TARGET_NAME)";
				SWIFT_EMIT_LOC_STRINGS = NO;
				SWIFT_VERSION = 5.0;
				TARGETED_DEVICE_FAMILY = "1,2";
				TEST_TARGET_NAME = study;
			};
			name = Debug;
		};
		F4DEE3252C1362FF00034AA6 /* Release */ = {
			isa = XCBuildConfiguration;
			buildSettings = {
				ALWAYS_EMBED_SWIFT_STANDARD_LIBRARIES = YES;
				CODE_SIGN_STYLE = Automatic;
				CURRENT_PROJECT_VERSION = 1;
				DEVELOPMENT_TEAM = H46F5Z8KW7;
				GENERATE_INFOPLIST_FILE = YES;
				MARKETING_VERSION = 1.0;
				PRODUCT_BUNDLE_IDENTIFIER = snig.studyUITests;
				PRODUCT_NAME = "$(TARGET_NAME)";
				SWIFT_EMIT_LOC_STRINGS = NO;
				SWIFT_VERSION = 5.0;
				TARGETED_DEVICE_FAMILY = "1,2";
				TEST_TARGET_NAME = study;
			};
			name = Release;
		};
/* End XCBuildConfiguration section */

/* Begin XCConfigurationList section */
		F4DEE2EE2C1362FD00034AA6 /* Build configuration list for PBXProject "study" */ = {
			isa = XCConfigurationList;
			buildConfigurations = (
				F4DEE31B2C1362FF00034AA6 /* Debug */,
				F4DEE31C2C1362FF00034AA6 /* Release */,
			);
			defaultConfigurationIsVisible = 0;
			defaultConfigurationName = Release;
		};
		F4DEE31D2C1362FF00034AA6 /* Build configuration list for PBXNativeTarget "study" */ = {
			isa = XCConfigurationList;
			buildConfigurations = (
				F4DEE31E2C1362FF00034AA6 /* Debug */,
				F4DEE31F2C1362FF00034AA6 /* Release */,
			);
			defaultConfigurationIsVisible = 0;
			defaultConfigurationName = Release;
		};
		F4DEE3202C1362FF00034AA6 /* Build configuration list for PBXNativeTarget "studyTests" */ = {
			isa = XCConfigurationList;
			buildConfigurations = (
				F4DEE3212C1362FF00034AA6 /* Debug */,
				F4DEE3222C1362FF00034AA6 /* Release */,
			);
			defaultConfigurationIsVisible = 0;
			defaultConfigurationName = Release;
		};
		F4DEE3232C1362FF00034AA6 /* Build configuration list for PBXNativeTarget "studyUITests" */ = {
			isa = XCConfigurationList;
			buildConfigurations = (
				F4DEE3242C1362FF00034AA6 /* Debug */,
				F4DEE3252C1362FF00034AA6 /* Release */,
			);
			defaultConfigurationIsVisible = 0;
			defaultConfigurationName = Release;
		};
/* End XCConfigurationList section */
	};
	rootObject = F4DEE2EB2C1362FD00034AA6 /* Project object */;
}
